
Microsoft Visual Studio Solution File, Format Version 12.00
# Visual Studio Version 17
VisualStudioVersion = 17.4.33205.214
MinimumVisualStudioVersion = 10.0.40219.1
Project("{FAE04EC0-301F-11D3-BF4B-00C04F79EFBC}") = "task3-26.12.2022-", "task3-26.12.2022-\task3-26.12.2022-.csproj", "{79AC3C1C-42DA-4563-8676-94D9D4F130C4}"
EndProject
Global
	GlobalSection(SolutionConfigurationPlatforms) = preSolution
		Debug|Any CPU = Debug|Any CPU
		Release|Any CPU = Release|Any CPU
	EndGlobalSection
	GlobalSection(ProjectConfigurationPlatforms) = postSolution
		{79AC3C1C-42DA-4563-8676-94D9D4F130C4}.Debug|Any CPU.ActiveCfg = Debug|Any CPU
		{79AC3C1C-42DA-4563-8676-94D9D4F130C4}.Debug|Any CPU.Build.0 = Debug|Any CPU
		{79AC3C1C-42DA-4563-8676-94D9D4F130C4}.Release|Any CPU.ActiveCfg = Release|Any CPU
		{79AC3C1C-42DA-4563-8676-94D9D4F130C4}.Release|Any CPU.Build.0 = Release|Any CPU
	EndGlobalSection
	GlobalSection(SolutionProperties) = preSolution
		HideSolutionNode = FALSE
	EndGlobalSection
	GlobalSection(ExtensibilityGlobals) = postSolution
		SolutionGuid = {8119B042-DFF1-4764-8A49-C6914EC2990B}
	EndGlobalSection
EndGlobal
